
Microsoft Visual Studio Solution File, Format Version 10.00
# Visual Studio 2008
Project("{FAE04EC0-301F-11D3-BF4B-00C04F79EFBC}") = "AvlTree", "AvlTree.csproj", "{656623C2-2639-4A57-A982-7116C9FBCE3F}"
EndProject
Project("{FAE04EC0-301F-11D3-BF4B-00C04F79EFBC}") = "KmpSearch", "..\ConsoleApplication1\KmpSearch.csproj", "{F27893AA-AB07-4613-AA25-B8207A1C1322}"
EndProject
Project("{FAE04EC0-301F-11D3-BF4B-00C04F79EFBC}") = "AStar", "..\AStar\AStar.csproj", "{9D67F453-448A-419D-B137-481554122B6A}"
EndProject
Project("{FAE04EC0-301F-11D3-BF4B-00C04F79EFBC}") = "BinaryTree", "..\BinaryTree\BinaryTree.csproj", "{7B48297F-054F-402B-81AC-02DE93BF3812}"
EndProject
Global
	GlobalSection(SolutionConfigurationPlatforms) = preSolution
		Debug|Any CPU = Debug|Any CPU
		Release|Any CPU = Release|Any CPU
	EndGlobalSection
	GlobalSection(ProjectConfigurationPlatforms) = postSolution
		{656623C2-2639-4A57-A982-7116C9FBCE3F}.Debug|Any CPU.ActiveCfg = Debug|Any CPU
		{656623C2-2639-4A57-A982-7116C9FBCE3F}.Debug|Any CPU.Build.0 = Debug|Any CPU
		{656623C2-2639-4A57-A982-7116C9FBCE3F}.Release|Any CPU.ActiveCfg = Release|Any CPU
		{656623C2-2639-4A57-A982-7116C9FBCE3F}.Release|Any CPU.Build.0 = Release|Any CPU
		{F27893AA-AB07-4613-AA25-B8207A1C1322}.Debug|Any CPU.ActiveCfg = Debug|Any CPU
		{F27893AA-AB07-4613-AA25-B8207A1C1322}.Debug|Any CPU.Build.0 = Debug|Any CPU
		{F27893AA-AB07-4613-AA25-B8207A1C1322}.Release|Any CPU.ActiveCfg = Release|Any CPU
		{F27893AA-AB07-4613-AA25-B8207A1C1322}.Release|Any CPU.Build.0 = Release|Any CPU
		{9D67F453-448A-419D-B137-481554122B6A}.Debug|Any CPU.ActiveCfg = Debug|Any CPU
		{9D67F453-448A-419D-B137-481554122B6A}.Debug|Any CPU.Build.0 = Debug|Any CPU
		{9D67F453-448A-419D-B137-481554122B6A}.Release|Any CPU.ActiveCfg = Release|Any CPU
		{9D67F453-448A-419D-B137-481554122B6A}.Release|Any CPU.Build.0 = Release|Any CPU
		{7B48297F-054F-402B-81AC-02DE93BF3812}.Debug|Any CPU.ActiveCfg = Debug|Any CPU
		{7B48297F-054F-402B-81AC-02DE93BF3812}.Debug|Any CPU.Build.0 = Debug|Any CPU
		{7B48297F-054F-402B-81AC-02DE93BF3812}.Release|Any CPU.ActiveCfg = Release|Any CPU
		{7B48297F-054F-402B-81AC-02DE93BF3812}.Release|Any CPU.Build.0 = Release|Any CPU
	EndGlobalSection
	GlobalSection(SolutionProperties) = preSolution
		HideSolutionNode = FALSE
	EndGlobalSection
EndGlobal
