
Microsoft Visual Studio Solution File, Format Version 10.00
# Visual Studio 2008
Project("{FAE04EC0-301F-11D3-BF4B-00C04F79EFBC}") = "ParsingTest2", "ParsingTest2.csproj", "{B3C35C2C-46D3-42B7-ABCB-A5E9CEA3AE2A}"
EndProject
Global
	GlobalSection(SolutionConfigurationPlatforms) = preSolution
		Debug|Any CPU = Debug|Any CPU
		Release|Any CPU = Release|Any CPU
	EndGlobalSection
	GlobalSection(ProjectConfigurationPlatforms) = postSolution
		{B3C35C2C-46D3-42B7-ABCB-A5E9CEA3AE2A}.Debug|Any CPU.ActiveCfg = Debug|Any CPU
		{B3C35C2C-46D3-42B7-ABCB-A5E9CEA3AE2A}.Debug|Any CPU.Build.0 = Debug|Any CPU
		{B3C35C2C-46D3-42B7-ABCB-A5E9CEA3AE2A}.Release|Any CPU.ActiveCfg = Release|Any CPU
		{B3C35C2C-46D3-42B7-ABCB-A5E9CEA3AE2A}.Release|Any CPU.Build.0 = Release|Any CPU
	EndGlobalSection
	GlobalSection(SolutionProperties) = preSolution
		HideSolutionNode = FALSE
	EndGlobalSection
EndGlobal
