
Microsoft Visual Studio Solution File, Format Version 10.00
# Visual Studio 2008
Project("{FAE04EC0-301F-11D3-BF4B-00C04F79EFBC}") = "CreateCSV_ForTimeZones", "CreateCSV_ForTimeZones\CreateCSV_ForTimeZones.csproj", "{1A2FDFDD-734A-42FB-9C13-3BAA015B43DE}"
EndProject
Global
	GlobalSection(SolutionConfigurationPlatforms) = preSolution
		Debug|Any CPU = Debug|Any CPU
		Release|Any CPU = Release|Any CPU
	EndGlobalSection
	GlobalSection(ProjectConfigurationPlatforms) = postSolution
		{1A2FDFDD-734A-42FB-9C13-3BAA015B43DE}.Debug|Any CPU.ActiveCfg = Release|Any CPU
		{1A2FDFDD-734A-42FB-9C13-3BAA015B43DE}.Debug|Any CPU.Build.0 = Release|Any CPU
		{1A2FDFDD-734A-42FB-9C13-3BAA015B43DE}.Release|Any CPU.ActiveCfg = Release|Any CPU
		{1A2FDFDD-734A-42FB-9C13-3BAA015B43DE}.Release|Any CPU.Build.0 = Release|Any CPU
	EndGlobalSection
	GlobalSection(SolutionProperties) = preSolution
		HideSolutionNode = FALSE
	EndGlobalSection
EndGlobal
