
Microsoft Visual Studio Solution File, Format Version 10.00
# Visual Studio 2008
Project("{FAE04EC0-301F-11D3-BF4B-00C04F79EFBC}") = "DgvDownloadImage", "DgvDownloadImage\DgvDownloadImage.csproj", "{F5ED8F6F-85A4-4E0B-8331-4B8FC765835A}"
EndProject
Global
	GlobalSection(SolutionConfigurationPlatforms) = preSolution
		Debug|Any CPU = Debug|Any CPU
		Release|Any CPU = Release|Any CPU
	EndGlobalSection
	GlobalSection(ProjectConfigurationPlatforms) = postSolution
		{F5ED8F6F-85A4-4E0B-8331-4B8FC765835A}.Debug|Any CPU.ActiveCfg = Debug|Any CPU
		{F5ED8F6F-85A4-4E0B-8331-4B8FC765835A}.Debug|Any CPU.Build.0 = Debug|Any CPU
		{F5ED8F6F-85A4-4E0B-8331-4B8FC765835A}.Release|Any CPU.ActiveCfg = Release|Any CPU
		{F5ED8F6F-85A4-4E0B-8331-4B8FC765835A}.Release|Any CPU.Build.0 = Release|Any CPU
	EndGlobalSection
	GlobalSection(SolutionProperties) = preSolution
		HideSolutionNode = FALSE
	EndGlobalSection
EndGlobal
